
Microsoft Visual Studio Solution File, Format Version 12.00
# Visual Studio Version 16
VisualStudioVersion = 16.0.31410.223
MinimumVisualStudioVersion = 10.0.40219.1
Project("{9A19103F-16F7-4668-BE54-9A1E7A4F7556}") = "LiTools.Helpers.Convert", "LiTools.Helpers.Convert\LiTools.Helpers.Convert.csproj", "{6ECE0D52-CD68-4139-A7D8-1609CEFCA122}"
EndProject
Project("{9A19103F-16F7-4668-BE54-9A1E7A4F7556}") = "LiTools.Helpers.Encoding", "LiTools.Helpers.Encoding\LiTools.Helpers.Encoding.csproj", "{B9B0D681-E48A-40BF-A31D-5E9DB5B186D7}"
EndProject
Project("{2150E333-8FDC-42A3-9474-1A3956D46DE8}") = "Solution Items", "Solution Items", "{45A03D22-B391-4164-AE0F-BFBB32E00641}"
	ProjectSection(SolutionItems) = preProject
		BuildDoc - Convert - Release.bat = BuildDoc - Convert - Release.bat
	EndProjectSection
EndProject
Project("{9A19103F-16F7-4668-BE54-9A1E7A4F7556}") = "LiTools.Helpers.Testing", "LiTools.Helpers.Testing\LiTools.Helpers.Testing.csproj", "{A7C9C3B2-F176-498D-9F8B-0AC2A4F03F1A}"
EndProject
Project("{9A19103F-16F7-4668-BE54-9A1E7A4F7556}") = "LiTools.Helpers.IO", "LiTools.Helpers.IO\LiTools.Helpers.IO.csproj", "{66BCBD2F-FCA0-402D-BCEF-EFD1462FB945}"
EndProject
Project("{9A19103F-16F7-4668-BE54-9A1E7A4F7556}") = "LiTools.Helpers.IO.Dev", "LiTools.Helpers.IO\LiTools.Helpers.IO.Dev.csproj", "{716CF29D-FEEB-4411-BF32-5BE3732A6F0A}"
EndProject
Project("{FAE04EC0-301F-11D3-BF4B-00C04F79EFBC}") = "LiTools.Helpers.Check", "LiTools.Helpers.Check\LiTools.Helpers.Check.csproj", "{8D27E5D7-2127-46DF-8CB8-BFFC40370EAA}"
EndProject
Global
	GlobalSection(SolutionConfigurationPlatforms) = preSolution
		Debug|Any CPU = Debug|Any CPU
		Release|Any CPU = Release|Any CPU
	EndGlobalSection
	GlobalSection(ProjectConfigurationPlatforms) = postSolution
		{6ECE0D52-CD68-4139-A7D8-1609CEFCA122}.Debug|Any CPU.ActiveCfg = Debug|Any CPU
		{6ECE0D52-CD68-4139-A7D8-1609CEFCA122}.Debug|Any CPU.Build.0 = Debug|Any CPU
		{6ECE0D52-CD68-4139-A7D8-1609CEFCA122}.Release|Any CPU.ActiveCfg = Release|Any CPU
		{6ECE0D52-CD68-4139-A7D8-1609CEFCA122}.Release|Any CPU.Build.0 = Release|Any CPU
		{B9B0D681-E48A-40BF-A31D-5E9DB5B186D7}.Debug|Any CPU.ActiveCfg = Debug|Any CPU
		{B9B0D681-E48A-40BF-A31D-5E9DB5B186D7}.Debug|Any CPU.Build.0 = Debug|Any CPU
		{B9B0D681-E48A-40BF-A31D-5E9DB5B186D7}.Release|Any CPU.ActiveCfg = Release|Any CPU
		{B9B0D681-E48A-40BF-A31D-5E9DB5B186D7}.Release|Any CPU.Build.0 = Release|Any CPU
		{A7C9C3B2-F176-498D-9F8B-0AC2A4F03F1A}.Debug|Any CPU.ActiveCfg = Debug|Any CPU
		{A7C9C3B2-F176-498D-9F8B-0AC2A4F03F1A}.Debug|Any CPU.Build.0 = Debug|Any CPU
		{A7C9C3B2-F176-498D-9F8B-0AC2A4F03F1A}.Release|Any CPU.ActiveCfg = Release|Any CPU
		{A7C9C3B2-F176-498D-9F8B-0AC2A4F03F1A}.Release|Any CPU.Build.0 = Release|Any CPU
		{66BCBD2F-FCA0-402D-BCEF-EFD1462FB945}.Debug|Any CPU.ActiveCfg = Debug|Any CPU
		{66BCBD2F-FCA0-402D-BCEF-EFD1462FB945}.Debug|Any CPU.Build.0 = Debug|Any CPU
		{66BCBD2F-FCA0-402D-BCEF-EFD1462FB945}.Release|Any CPU.ActiveCfg = Release|Any CPU
		{66BCBD2F-FCA0-402D-BCEF-EFD1462FB945}.Release|Any CPU.Build.0 = Release|Any CPU
		{716CF29D-FEEB-4411-BF32-5BE3732A6F0A}.Debug|Any CPU.ActiveCfg = Debug|Any CPU
		{716CF29D-FEEB-4411-BF32-5BE3732A6F0A}.Debug|Any CPU.Build.0 = Debug|Any CPU
		{716CF29D-FEEB-4411-BF32-5BE3732A6F0A}.Release|Any CPU.ActiveCfg = Release|Any CPU
		{716CF29D-FEEB-4411-BF32-5BE3732A6F0A}.Release|Any CPU.Build.0 = Release|Any CPU
		{8D27E5D7-2127-46DF-8CB8-BFFC40370EAA}.Debug|Any CPU.ActiveCfg = Debug|Any CPU
		{8D27E5D7-2127-46DF-8CB8-BFFC40370EAA}.Debug|Any CPU.Build.0 = Debug|Any CPU
		{8D27E5D7-2127-46DF-8CB8-BFFC40370EAA}.Release|Any CPU.ActiveCfg = Release|Any CPU
		{8D27E5D7-2127-46DF-8CB8-BFFC40370EAA}.Release|Any CPU.Build.0 = Release|Any CPU
	EndGlobalSection
	GlobalSection(SolutionProperties) = preSolution
		HideSolutionNode = FALSE
	EndGlobalSection
	GlobalSection(ExtensibilityGlobals) = postSolution
		SolutionGuid = {FDC441FA-B63A-46AE-A60E-E101714C7CE2}
	EndGlobalSection
EndGlobal
