
Microsoft Visual Studio Solution File, Format Version 12.00
# Visual Studio Version 17
VisualStudioVersion = 17.1.32127.271
MinimumVisualStudioVersion = 10.0.40219.1
Project("{9A19103F-16F7-4668-BE54-9A1E7A4F7556}") = "LiTools.Helpers.Convert", "LiTools.Helpers.Convert\LiTools.Helpers.Convert.csproj", "{6ECE0D52-CD68-4139-A7D8-1609CEFCA122}"
EndProject
Project("{9A19103F-16F7-4668-BE54-9A1E7A4F7556}") = "LiTools.Helpers.Encoding", "LiTools.Helpers.Encoding\LiTools.Helpers.Encoding.csproj", "{B9B0D681-E48A-40BF-A31D-5E9DB5B186D7}"
EndProject
Project("{2150E333-8FDC-42A3-9474-1A3956D46DE8}") = "Solution Items", "Solution Items", "{45A03D22-B391-4164-AE0F-BFBB32E00641}"
	ProjectSection(SolutionItems) = preProject
		BuildDoc - Convert - Release.bat = BuildDoc - Convert - Release.bat
		README.md = README.md
	EndProjectSection
EndProject
Project("{9A19103F-16F7-4668-BE54-9A1E7A4F7556}") = "LiTools.Helpers.IO", "LiTools.Helpers.IO\LiTools.Helpers.IO.csproj", "{66BCBD2F-FCA0-402D-BCEF-EFD1462FB945}"
EndProject
Project("{9A19103F-16F7-4668-BE54-9A1E7A4F7556}") = "LiTools.Helpers.Check", "LiTools.Helpers.Check\LiTools.Helpers.Check.csproj", "{8D27E5D7-2127-46DF-8CB8-BFFC40370EAA}"
EndProject
Project("{9A19103F-16F7-4668-BE54-9A1E7A4F7556}") = "LiTools.Helpers.Generate", "LiTools.Helpers.Generate\LiTools.Helpers.Generate.csproj", "{7BF3A0EB-FEF8-4E1A-9483-A61F0F5BC591}"
EndProject
Project("{9A19103F-16F7-4668-BE54-9A1E7A4F7556}") = "LiTools.Helpers.Organize", "LiTools.Helpers.Organize\LiTools.Helpers.Organize.csproj", "{C3C7B6D8-B1FB-4DD4-95B8-853D581F16F4}"
EndProject
Project("{9A19103F-16F7-4668-BE54-9A1E7A4F7556}") = "ExampleCode", "ExampleCode\ExampleCode.csproj", "{D84FB37C-E09E-431F-9E91-539FC72F9C09}"
EndProject
Project("{9A19103F-16F7-4668-BE54-9A1E7A4F7556}") = "LiTools.Helpers.DataAccess.MongoDb", "LiTools.Helpers.DataAccess.MongoDb\LiTools.Helpers.DataAccess.MongoDb.csproj", "{E068D7E3-18EB-4606-90B6-0D2F45DDF4EA}"
EndProject
Project("{2150E333-8FDC-42A3-9474-1A3956D46DE8}") = "Encoding", "Encoding", "{D3CAC263-C8D6-47BD-B629-C7ABB8BB6828}"
EndProject
Global
	GlobalSection(SolutionConfigurationPlatforms) = preSolution
		Debug|Any CPU = Debug|Any CPU
		Release|Any CPU = Release|Any CPU
	EndGlobalSection
	GlobalSection(ProjectConfigurationPlatforms) = postSolution
		{6ECE0D52-CD68-4139-A7D8-1609CEFCA122}.Debug|Any CPU.ActiveCfg = Debug|Any CPU
		{6ECE0D52-CD68-4139-A7D8-1609CEFCA122}.Debug|Any CPU.Build.0 = Debug|Any CPU
		{6ECE0D52-CD68-4139-A7D8-1609CEFCA122}.Release|Any CPU.ActiveCfg = Release|Any CPU
		{6ECE0D52-CD68-4139-A7D8-1609CEFCA122}.Release|Any CPU.Build.0 = Release|Any CPU
		{B9B0D681-E48A-40BF-A31D-5E9DB5B186D7}.Debug|Any CPU.ActiveCfg = Debug|Any CPU
		{B9B0D681-E48A-40BF-A31D-5E9DB5B186D7}.Debug|Any CPU.Build.0 = Debug|Any CPU
		{B9B0D681-E48A-40BF-A31D-5E9DB5B186D7}.Release|Any CPU.ActiveCfg = Release|Any CPU
		{B9B0D681-E48A-40BF-A31D-5E9DB5B186D7}.Release|Any CPU.Build.0 = Release|Any CPU
		{66BCBD2F-FCA0-402D-BCEF-EFD1462FB945}.Debug|Any CPU.ActiveCfg = Debug|Any CPU
		{66BCBD2F-FCA0-402D-BCEF-EFD1462FB945}.Debug|Any CPU.Build.0 = Debug|Any CPU
		{66BCBD2F-FCA0-402D-BCEF-EFD1462FB945}.Release|Any CPU.ActiveCfg = Release|Any CPU
		{66BCBD2F-FCA0-402D-BCEF-EFD1462FB945}.Release|Any CPU.Build.0 = Release|Any CPU
		{8D27E5D7-2127-46DF-8CB8-BFFC40370EAA}.Debug|Any CPU.ActiveCfg = Debug|Any CPU
		{8D27E5D7-2127-46DF-8CB8-BFFC40370EAA}.Debug|Any CPU.Build.0 = Debug|Any CPU
		{8D27E5D7-2127-46DF-8CB8-BFFC40370EAA}.Release|Any CPU.ActiveCfg = Release|Any CPU
		{8D27E5D7-2127-46DF-8CB8-BFFC40370EAA}.Release|Any CPU.Build.0 = Release|Any CPU
		{7BF3A0EB-FEF8-4E1A-9483-A61F0F5BC591}.Debug|Any CPU.ActiveCfg = Debug|Any CPU
		{7BF3A0EB-FEF8-4E1A-9483-A61F0F5BC591}.Debug|Any CPU.Build.0 = Debug|Any CPU
		{7BF3A0EB-FEF8-4E1A-9483-A61F0F5BC591}.Release|Any CPU.ActiveCfg = Release|Any CPU
		{7BF3A0EB-FEF8-4E1A-9483-A61F0F5BC591}.Release|Any CPU.Build.0 = Release|Any CPU
		{C3C7B6D8-B1FB-4DD4-95B8-853D581F16F4}.Debug|Any CPU.ActiveCfg = Debug|Any CPU
		{C3C7B6D8-B1FB-4DD4-95B8-853D581F16F4}.Debug|Any CPU.Build.0 = Debug|Any CPU
		{C3C7B6D8-B1FB-4DD4-95B8-853D581F16F4}.Release|Any CPU.ActiveCfg = Release|Any CPU
		{C3C7B6D8-B1FB-4DD4-95B8-853D581F16F4}.Release|Any CPU.Build.0 = Release|Any CPU
		{D84FB37C-E09E-431F-9E91-539FC72F9C09}.Debug|Any CPU.ActiveCfg = Debug|Any CPU
		{D84FB37C-E09E-431F-9E91-539FC72F9C09}.Debug|Any CPU.Build.0 = Debug|Any CPU
		{D84FB37C-E09E-431F-9E91-539FC72F9C09}.Release|Any CPU.ActiveCfg = Release|Any CPU
		{D84FB37C-E09E-431F-9E91-539FC72F9C09}.Release|Any CPU.Build.0 = Release|Any CPU
		{E068D7E3-18EB-4606-90B6-0D2F45DDF4EA}.Debug|Any CPU.ActiveCfg = Debug|Any CPU
		{E068D7E3-18EB-4606-90B6-0D2F45DDF4EA}.Debug|Any CPU.Build.0 = Debug|Any CPU
		{E068D7E3-18EB-4606-90B6-0D2F45DDF4EA}.Release|Any CPU.ActiveCfg = Release|Any CPU
		{E068D7E3-18EB-4606-90B6-0D2F45DDF4EA}.Release|Any CPU.Build.0 = Release|Any CPU
	EndGlobalSection
	GlobalSection(SolutionProperties) = preSolution
		HideSolutionNode = FALSE
	EndGlobalSection
	GlobalSection(NestedProjects) = preSolution
		{B9B0D681-E48A-40BF-A31D-5E9DB5B186D7} = {D3CAC263-C8D6-47BD-B629-C7ABB8BB6828}
	EndGlobalSection
	GlobalSection(ExtensibilityGlobals) = postSolution
		SolutionGuid = {FDC441FA-B63A-46AE-A60E-E101714C7CE2}
	EndGlobalSection
EndGlobal
